
Microsoft Visual Studio Solution File, Format Version 12.00
# Visual Studio Version 16
VisualStudioVersion = 16.0.31025.194
MinimumVisualStudioVersion = 10.0.40219.1
Project("{9A19103F-16F7-4668-BE54-9A1E7A4F7556}") = "01", "01\01.csproj", "{F200991B-A763-4C00-B773-9C8AC1713A8B}"
EndProject
Project("{9A19103F-16F7-4668-BE54-9A1E7A4F7556}") = "02", "02\02.csproj", "{7C95B0FC-1649-4DA1-99CE-03E6C5C42960}"
EndProject
Project("{9A19103F-16F7-4668-BE54-9A1E7A4F7556}") = "03", "03\03.csproj", "{C97F48D0-9DFE-44A9-BB53-8D321DE82656}"
EndProject
Project("{9A19103F-16F7-4668-BE54-9A1E7A4F7556}") = "04", "04\04.csproj", "{156BFE84-6911-4FBC-B591-E0F3D3152848}"
EndProject
Project("{9A19103F-16F7-4668-BE54-9A1E7A4F7556}") = "05", "05\05.csproj", "{52604792-9D3C-4D37-BA4E-7E541CB1FF63}"
EndProject
Project("{FAE04EC0-301F-11D3-BF4B-00C04F79EFBC}") = "06", "06\06.csproj", "{D933FDEE-79A6-448A-A3FF-B951FBF0A1CA}"
EndProject
Project("{FAE04EC0-301F-11D3-BF4B-00C04F79EFBC}") = "061", "061\061.csproj", "{4BD75359-8D15-4454-9ADC-F7006C1E20C8}"
EndProject
Project("{FAE04EC0-301F-11D3-BF4B-00C04F79EFBC}") = "07", "07\07.csproj", "{18847F2E-2B8E-43B9-BB95-0A0E819FDD25}"
EndProject
Project("{FAE04EC0-301F-11D3-BF4B-00C04F79EFBC}") = "071", "071\071.csproj", "{3B271638-6958-4926-A693-7DDDAD1F2483}"
EndProject
Project("{FAE04EC0-301F-11D3-BF4B-00C04F79EFBC}") = "072", "072\072.csproj", "{A30949AC-186F-4C7C-8554-A58754DE88E8}"
EndProject
Project("{FAE04EC0-301F-11D3-BF4B-00C04F79EFBC}") = "08", "08\08.csproj", "{B21CC626-3856-4608-A1A2-A7995152FF7B}"
EndProject
Project("{FAE04EC0-301F-11D3-BF4B-00C04F79EFBC}") = "09", "09\09.csproj", "{E407AB89-F170-4B08-83E9-E0233F61BFC1}"
EndProject
Project("{FAE04EC0-301F-11D3-BF4B-00C04F79EFBC}") = "10", "10\10.csproj", "{3AD1C276-CBEF-4A79-A4FB-9076EF1DCFD4}"
EndProject
Global
	GlobalSection(SolutionConfigurationPlatforms) = preSolution
		Debug|Any CPU = Debug|Any CPU
		Release|Any CPU = Release|Any CPU
	EndGlobalSection
	GlobalSection(ProjectConfigurationPlatforms) = postSolution
		{F200991B-A763-4C00-B773-9C8AC1713A8B}.Debug|Any CPU.ActiveCfg = Debug|Any CPU
		{F200991B-A763-4C00-B773-9C8AC1713A8B}.Debug|Any CPU.Build.0 = Debug|Any CPU
		{F200991B-A763-4C00-B773-9C8AC1713A8B}.Release|Any CPU.ActiveCfg = Release|Any CPU
		{F200991B-A763-4C00-B773-9C8AC1713A8B}.Release|Any CPU.Build.0 = Release|Any CPU
		{7C95B0FC-1649-4DA1-99CE-03E6C5C42960}.Debug|Any CPU.ActiveCfg = Debug|Any CPU
		{7C95B0FC-1649-4DA1-99CE-03E6C5C42960}.Debug|Any CPU.Build.0 = Debug|Any CPU
		{7C95B0FC-1649-4DA1-99CE-03E6C5C42960}.Release|Any CPU.ActiveCfg = Release|Any CPU
		{7C95B0FC-1649-4DA1-99CE-03E6C5C42960}.Release|Any CPU.Build.0 = Release|Any CPU
		{C97F48D0-9DFE-44A9-BB53-8D321DE82656}.Debug|Any CPU.ActiveCfg = Debug|Any CPU
		{C97F48D0-9DFE-44A9-BB53-8D321DE82656}.Debug|Any CPU.Build.0 = Debug|Any CPU
		{C97F48D0-9DFE-44A9-BB53-8D321DE82656}.Release|Any CPU.ActiveCfg = Release|Any CPU
		{C97F48D0-9DFE-44A9-BB53-8D321DE82656}.Release|Any CPU.Build.0 = Release|Any CPU
		{156BFE84-6911-4FBC-B591-E0F3D3152848}.Debug|Any CPU.ActiveCfg = Debug|Any CPU
		{156BFE84-6911-4FBC-B591-E0F3D3152848}.Debug|Any CPU.Build.0 = Debug|Any CPU
		{156BFE84-6911-4FBC-B591-E0F3D3152848}.Release|Any CPU.ActiveCfg = Release|Any CPU
		{156BFE84-6911-4FBC-B591-E0F3D3152848}.Release|Any CPU.Build.0 = Release|Any CPU
		{52604792-9D3C-4D37-BA4E-7E541CB1FF63}.Debug|Any CPU.ActiveCfg = Debug|Any CPU
		{52604792-9D3C-4D37-BA4E-7E541CB1FF63}.Debug|Any CPU.Build.0 = Debug|Any CPU
		{52604792-9D3C-4D37-BA4E-7E541CB1FF63}.Release|Any CPU.ActiveCfg = Release|Any CPU
		{52604792-9D3C-4D37-BA4E-7E541CB1FF63}.Release|Any CPU.Build.0 = Release|Any CPU
		{D933FDEE-79A6-448A-A3FF-B951FBF0A1CA}.Debug|Any CPU.ActiveCfg = Debug|Any CPU
		{D933FDEE-79A6-448A-A3FF-B951FBF0A1CA}.Debug|Any CPU.Build.0 = Debug|Any CPU
		{D933FDEE-79A6-448A-A3FF-B951FBF0A1CA}.Release|Any CPU.ActiveCfg = Release|Any CPU
		{D933FDEE-79A6-448A-A3FF-B951FBF0A1CA}.Release|Any CPU.Build.0 = Release|Any CPU
		{4BD75359-8D15-4454-9ADC-F7006C1E20C8}.Debug|Any CPU.ActiveCfg = Debug|Any CPU
		{4BD75359-8D15-4454-9ADC-F7006C1E20C8}.Debug|Any CPU.Build.0 = Debug|Any CPU
		{4BD75359-8D15-4454-9ADC-F7006C1E20C8}.Release|Any CPU.ActiveCfg = Release|Any CPU
		{4BD75359-8D15-4454-9ADC-F7006C1E20C8}.Release|Any CPU.Build.0 = Release|Any CPU
		{18847F2E-2B8E-43B9-BB95-0A0E819FDD25}.Debug|Any CPU.ActiveCfg = Debug|Any CPU
		{18847F2E-2B8E-43B9-BB95-0A0E819FDD25}.Debug|Any CPU.Build.0 = Debug|Any CPU
		{18847F2E-2B8E-43B9-BB95-0A0E819FDD25}.Release|Any CPU.ActiveCfg = Release|Any CPU
		{18847F2E-2B8E-43B9-BB95-0A0E819FDD25}.Release|Any CPU.Build.0 = Release|Any CPU
		{3B271638-6958-4926-A693-7DDDAD1F2483}.Debug|Any CPU.ActiveCfg = Debug|Any CPU
		{3B271638-6958-4926-A693-7DDDAD1F2483}.Debug|Any CPU.Build.0 = Debug|Any CPU
		{3B271638-6958-4926-A693-7DDDAD1F2483}.Release|Any CPU.ActiveCfg = Release|Any CPU
		{3B271638-6958-4926-A693-7DDDAD1F2483}.Release|Any CPU.Build.0 = Release|Any CPU
		{A30949AC-186F-4C7C-8554-A58754DE88E8}.Debug|Any CPU.ActiveCfg = Debug|Any CPU
		{A30949AC-186F-4C7C-8554-A58754DE88E8}.Debug|Any CPU.Build.0 = Debug|Any CPU
		{A30949AC-186F-4C7C-8554-A58754DE88E8}.Release|Any CPU.ActiveCfg = Release|Any CPU
		{A30949AC-186F-4C7C-8554-A58754DE88E8}.Release|Any CPU.Build.0 = Release|Any CPU
		{B21CC626-3856-4608-A1A2-A7995152FF7B}.Debug|Any CPU.ActiveCfg = Debug|Any CPU
		{B21CC626-3856-4608-A1A2-A7995152FF7B}.Debug|Any CPU.Build.0 = Debug|Any CPU
		{B21CC626-3856-4608-A1A2-A7995152FF7B}.Release|Any CPU.ActiveCfg = Release|Any CPU
		{B21CC626-3856-4608-A1A2-A7995152FF7B}.Release|Any CPU.Build.0 = Release|Any CPU
		{E407AB89-F170-4B08-83E9-E0233F61BFC1}.Debug|Any CPU.ActiveCfg = Debug|Any CPU
		{E407AB89-F170-4B08-83E9-E0233F61BFC1}.Debug|Any CPU.Build.0 = Debug|Any CPU
		{E407AB89-F170-4B08-83E9-E0233F61BFC1}.Release|Any CPU.ActiveCfg = Release|Any CPU
		{E407AB89-F170-4B08-83E9-E0233F61BFC1}.Release|Any CPU.Build.0 = Release|Any CPU
		{3AD1C276-CBEF-4A79-A4FB-9076EF1DCFD4}.Debug|Any CPU.ActiveCfg = Debug|Any CPU
		{3AD1C276-CBEF-4A79-A4FB-9076EF1DCFD4}.Debug|Any CPU.Build.0 = Debug|Any CPU
		{3AD1C276-CBEF-4A79-A4FB-9076EF1DCFD4}.Release|Any CPU.ActiveCfg = Release|Any CPU
		{3AD1C276-CBEF-4A79-A4FB-9076EF1DCFD4}.Release|Any CPU.Build.0 = Release|Any CPU
	EndGlobalSection
	GlobalSection(SolutionProperties) = preSolution
		HideSolutionNode = FALSE
	EndGlobalSection
	GlobalSection(ExtensibilityGlobals) = postSolution
		SolutionGuid = {5C618F81-5DDC-4860-83F9-29E260767B4E}
	EndGlobalSection
EndGlobal
